
Microsoft Visual Studio Solution File, Format Version 12.00
# Visual Studio Version 17
VisualStudioVersion = 17.14.36121.58
MinimumVisualStudioVersion = 10.0.40219.1
Project("{FAE04EC0-301F-11D3-BF4B-00C04F79EFBC}") = "HomeWork_9_1", "HomeWork_9_1.csproj", "{BF535C8D-C969-4FC8-A429-F356DD544714}"
EndProject
Project("{FAE04EC0-301F-11D3-BF4B-00C04F79EFBC}") = "HomeWork_9_2", "..\HomeWork_9_2\HomeWork_9_2.csproj", "{77278A7A-F872-4F9C-B6A7-285F694BC8F4}"
EndProject
Project("{FAE04EC0-301F-11D3-BF4B-00C04F79EFBC}") = "HomeWork_9_3", "..\HomeWork_9_3\HomeWork_9_3.csproj", "{77BAB9B6-7CB4-4A96-A8F2-24E7DC77F4C2}"
EndProject
Global
	GlobalSection(SolutionConfigurationPlatforms) = preSolution
		Debug|Any CPU = Debug|Any CPU
		Release|Any CPU = Release|Any CPU
	EndGlobalSection
	GlobalSection(ProjectConfigurationPlatforms) = postSolution
		{BF535C8D-C969-4FC8-A429-F356DD544714}.Debug|Any CPU.ActiveCfg = Debug|Any CPU
		{BF535C8D-C969-4FC8-A429-F356DD544714}.Debug|Any CPU.Build.0 = Debug|Any CPU
		{BF535C8D-C969-4FC8-A429-F356DD544714}.Release|Any CPU.ActiveCfg = Release|Any CPU
		{BF535C8D-C969-4FC8-A429-F356DD544714}.Release|Any CPU.Build.0 = Release|Any CPU
		{77278A7A-F872-4F9C-B6A7-285F694BC8F4}.Debug|Any CPU.ActiveCfg = Debug|Any CPU
		{77278A7A-F872-4F9C-B6A7-285F694BC8F4}.Debug|Any CPU.Build.0 = Debug|Any CPU
		{77278A7A-F872-4F9C-B6A7-285F694BC8F4}.Release|Any CPU.ActiveCfg = Release|Any CPU
		{77278A7A-F872-4F9C-B6A7-285F694BC8F4}.Release|Any CPU.Build.0 = Release|Any CPU
		{77BAB9B6-7CB4-4A96-A8F2-24E7DC77F4C2}.Debug|Any CPU.ActiveCfg = Debug|Any CPU
		{77BAB9B6-7CB4-4A96-A8F2-24E7DC77F4C2}.Debug|Any CPU.Build.0 = Debug|Any CPU
		{77BAB9B6-7CB4-4A96-A8F2-24E7DC77F4C2}.Release|Any CPU.ActiveCfg = Release|Any CPU
		{77BAB9B6-7CB4-4A96-A8F2-24E7DC77F4C2}.Release|Any CPU.Build.0 = Release|Any CPU
	EndGlobalSection
	GlobalSection(SolutionProperties) = preSolution
		HideSolutionNode = FALSE
	EndGlobalSection
	GlobalSection(ExtensibilityGlobals) = postSolution
		SolutionGuid = {2DB77E3C-0F61-41EF-BB8B-FE1F8333C4A8}
	EndGlobalSection
EndGlobal
